
Microsoft Visual Studio Solution File, Format Version 12.00
# Visual Studio 14
VisualStudioVersion = 14.0.24720.0
MinimumVisualStudioVersion = 10.0.40219.1
Project("{FAE04EC0-301F-11D3-BF4B-00C04F79EFBC}") = "Ttc.DataAccess", "src\Ttc.DataAccess\Ttc.DataAccess.csproj", "{BDFC6F37-3B94-467B-BEEE-53FFBA49918E}"
EndProject
Project("{FAE04EC0-301F-11D3-BF4B-00C04F79EFBC}") = "Ttc.Model", "src\Ttc.Model\Ttc.Model.csproj", "{321DCBAD-1302-400F-8532-74209420B126}"
EndProject
Project("{FAE04EC0-301F-11D3-BF4B-00C04F79EFBC}") = "Ttc.WebApi", "src\Ttc.WebApi\Ttc.WebApi.csproj", "{3964F219-FB18-4BE6-B135-7BA117748783}"
EndProject
Project("{FAE04EC0-301F-11D3-BF4B-00C04F79EFBC}") = "Ttc.UnitTests", "src\Ttc.UnitTests\Ttc.UnitTests.csproj", "{225946EC-B6FC-4385-BD9E-47E93A194F98}"
EndProject
Project("{FAE04EC0-301F-11D3-BF4B-00C04F79EFBC}") = "Frenoy.Syncer", "src\Frenoy.Syncer\Frenoy.Syncer.csproj", "{D3FDABD3-8D5F-4A24-8AE9-7BAAED1D62C8}"
EndProject
Project("{FAE04EC0-301F-11D3-BF4B-00C04F79EFBC}") = "Frenoy.Api", "src\Frenoy.Api\Frenoy.Api.csproj", "{C0D10971-D4C3-4958-9E9A-A40C849DC01F}"
EndProject
Project("{FAE04EC0-301F-11D3-BF4B-00C04F79EFBC}") = "Ttc.DataEntities", "src\Ttc.DataEntities\Ttc.DataEntities.csproj", "{F437032C-8EDD-49DE-95F8-83E527E8367B}"
EndProject
Global
	GlobalSection(SolutionConfigurationPlatforms) = preSolution
		Debug|Any CPU = Debug|Any CPU
		Release|Any CPU = Release|Any CPU
	EndGlobalSection
	GlobalSection(ProjectConfigurationPlatforms) = postSolution
		{BDFC6F37-3B94-467B-BEEE-53FFBA49918E}.Debug|Any CPU.ActiveCfg = Debug|Any CPU
		{BDFC6F37-3B94-467B-BEEE-53FFBA49918E}.Debug|Any CPU.Build.0 = Debug|Any CPU
		{BDFC6F37-3B94-467B-BEEE-53FFBA49918E}.Release|Any CPU.ActiveCfg = Release|Any CPU
		{BDFC6F37-3B94-467B-BEEE-53FFBA49918E}.Release|Any CPU.Build.0 = Release|Any CPU
		{321DCBAD-1302-400F-8532-74209420B126}.Debug|Any CPU.ActiveCfg = Debug|Any CPU
		{321DCBAD-1302-400F-8532-74209420B126}.Debug|Any CPU.Build.0 = Debug|Any CPU
		{321DCBAD-1302-400F-8532-74209420B126}.Release|Any CPU.ActiveCfg = Release|Any CPU
		{321DCBAD-1302-400F-8532-74209420B126}.Release|Any CPU.Build.0 = Release|Any CPU
		{3964F219-FB18-4BE6-B135-7BA117748783}.Debug|Any CPU.ActiveCfg = Debug|Any CPU
		{3964F219-FB18-4BE6-B135-7BA117748783}.Debug|Any CPU.Build.0 = Debug|Any CPU
		{3964F219-FB18-4BE6-B135-7BA117748783}.Release|Any CPU.ActiveCfg = Release|Any CPU
		{3964F219-FB18-4BE6-B135-7BA117748783}.Release|Any CPU.Build.0 = Release|Any CPU
		{225946EC-B6FC-4385-BD9E-47E93A194F98}.Debug|Any CPU.ActiveCfg = Debug|Any CPU
		{225946EC-B6FC-4385-BD9E-47E93A194F98}.Debug|Any CPU.Build.0 = Debug|Any CPU
		{225946EC-B6FC-4385-BD9E-47E93A194F98}.Release|Any CPU.ActiveCfg = Release|Any CPU
		{225946EC-B6FC-4385-BD9E-47E93A194F98}.Release|Any CPU.Build.0 = Release|Any CPU
		{D3FDABD3-8D5F-4A24-8AE9-7BAAED1D62C8}.Debug|Any CPU.ActiveCfg = Debug|Any CPU
		{D3FDABD3-8D5F-4A24-8AE9-7BAAED1D62C8}.Debug|Any CPU.Build.0 = Debug|Any CPU
		{D3FDABD3-8D5F-4A24-8AE9-7BAAED1D62C8}.Release|Any CPU.ActiveCfg = Release|Any CPU
		{D3FDABD3-8D5F-4A24-8AE9-7BAAED1D62C8}.Release|Any CPU.Build.0 = Release|Any CPU
		{C0D10971-D4C3-4958-9E9A-A40C849DC01F}.Debug|Any CPU.ActiveCfg = Debug|Any CPU
		{C0D10971-D4C3-4958-9E9A-A40C849DC01F}.Debug|Any CPU.Build.0 = Debug|Any CPU
		{C0D10971-D4C3-4958-9E9A-A40C849DC01F}.Release|Any CPU.ActiveCfg = Release|Any CPU
		{C0D10971-D4C3-4958-9E9A-A40C849DC01F}.Release|Any CPU.Build.0 = Release|Any CPU
		{F437032C-8EDD-49DE-95F8-83E527E8367B}.Debug|Any CPU.ActiveCfg = Debug|Any CPU
		{F437032C-8EDD-49DE-95F8-83E527E8367B}.Debug|Any CPU.Build.0 = Debug|Any CPU
		{F437032C-8EDD-49DE-95F8-83E527E8367B}.Release|Any CPU.ActiveCfg = Release|Any CPU
		{F437032C-8EDD-49DE-95F8-83E527E8367B}.Release|Any CPU.Build.0 = Release|Any CPU
	EndGlobalSection
	GlobalSection(SolutionProperties) = preSolution
		HideSolutionNode = FALSE
	EndGlobalSection
EndGlobal
